
Microsoft Visual Studio Solution File, Format Version 12.00
# Visual Studio Version 16
VisualStudioVersion = 16.0.31005.135
MinimumVisualStudioVersion = 10.0.40219.1
Project("{FAE04EC0-301F-11D3-BF4B-00C04F79EFBC}") = "FeedCostAppGui", "FeedCostAppGui\FeedCostAppGui.csproj", "{C1ABC70D-68A2-4FB4-86ED-096619373360}"
EndProject
Global
	GlobalSection(SolutionConfigurationPlatforms) = preSolution
		Debug|Any CPU = Debug|Any CPU
		Release|Any CPU = Release|Any CPU
	EndGlobalSection
	GlobalSection(ProjectConfigurationPlatforms) = postSolution
		{C1ABC70D-68A2-4FB4-86ED-096619373360}.Debug|Any CPU.ActiveCfg = Debug|Any CPU
		{C1ABC70D-68A2-4FB4-86ED-096619373360}.Debug|Any CPU.Build.0 = Debug|Any CPU
		{C1ABC70D-68A2-4FB4-86ED-096619373360}.Release|Any CPU.ActiveCfg = Release|Any CPU
		{C1ABC70D-68A2-4FB4-86ED-096619373360}.Release|Any CPU.Build.0 = Release|Any CPU
	EndGlobalSection
	GlobalSection(SolutionProperties) = preSolution
		HideSolutionNode = FALSE
	EndGlobalSection
	GlobalSection(ExtensibilityGlobals) = postSolution
		SolutionGuid = {989EE8CD-EFEF-4474-8843-885C02073EBC}
	EndGlobalSection
EndGlobal
